
Microsoft Visual Studio Solution File, Format Version 12.00
Project("{FAE04EC0-301F-11D3-BF4B-00C04F79EFBC}") = "OpenTK__Plotter", "OpenTK__Plotter\OpenTK__Plotter.csproj", "{FF4221B4-3E38-4AFE-9CFA-74DAC12A7336}"
EndProject
Global
	GlobalSection(SolutionConfigurationPlatforms) = preSolution
		Debug|Any CPU = Debug|Any CPU
		Release|Any CPU = Release|Any CPU
	EndGlobalSection
	GlobalSection(ProjectConfigurationPlatforms) = postSolution
		{FF4221B4-3E38-4AFE-9CFA-74DAC12A7336}.Debug|Any CPU.ActiveCfg = Debug|Any CPU
		{FF4221B4-3E38-4AFE-9CFA-74DAC12A7336}.Debug|Any CPU.Build.0 = Debug|Any CPU
		{FF4221B4-3E38-4AFE-9CFA-74DAC12A7336}.Release|Any CPU.ActiveCfg = Release|Any CPU
		{FF4221B4-3E38-4AFE-9CFA-74DAC12A7336}.Release|Any CPU.Build.0 = Release|Any CPU
	EndGlobalSection
EndGlobal
